// !$*UTF8*$!
{
	archiveVersion = 1;
	classes = {
	};
	objectVersion = 50;
	objects = {

/* Begin PBXBuildFile section */
		9003BC8C220B937300D571C6 /* bulletsSound.wav in Resources */ = {isa = PBXBuildFile; fileRef = 9003BC8A220B937200D571C6 /* bulletsSound.wav */; };
		9003BC8D220B937300D571C6 /* explosion.wav in Resources */ = {isa = PBXBuildFile; fileRef = 9003BC8B220B937300D571C6 /* explosion.wav */; };
		9003BCCB220CDAF400D571C6 /* spaceinvaders1.mpeg in Resources */ = {isa = PBXBuildFile; fileRef = 9003BCCA220CDAF400D571C6 /* spaceinvaders1.mpeg */; };
		9003BCCF220CE57700D571C6 /* MenuScene.swift in Sources */ = {isa = PBXBuildFile; fileRef = 9003BCCE220CE57700D571C6 /* MenuScene.swift */; };
		90090BE8220A0A34003EF67C /* AppDelegate.swift in Sources */ = {isa = PBXBuildFile; fileRef = 90090BE7220A0A34003EF67C /* AppDelegate.swift */; };
		90090BEA220A0A34003EF67C /* GameScene.sks in Resources */ = {isa = PBXBuildFile; fileRef = 90090BE9220A0A34003EF67C /* GameScene.sks */; };
		90090BEC220A0A34003EF67C /* Actions.sks in Resources */ = {isa = PBXBuildFile; fileRef = 90090BEB220A0A34003EF67C /* Actions.sks */; };
		90090BEE220A0A34003EF67C /* GameScene.swift in Sources */ = {isa = PBXBuildFile; fileRef = 90090BED220A0A34003EF67C /* GameScene.swift */; };
		90090BF0220A0A34003EF67C /* GameViewController.swift in Sources */ = {isa = PBXBuildFile; fileRef = 90090BEF220A0A34003EF67C /* GameViewController.swift */; };
		90090BF3220A0A34003EF67C /* Main.storyboard in Resources */ = {isa = PBXBuildFile; fileRef = 90090BF1220A0A34003EF67C /* Main.storyboard */; };
		90090BF5220A0A35003EF67C /* Assets.xcassets in Resources */ = {isa = PBXBuildFile; fileRef = 90090BF4220A0A35003EF67C /* Assets.xcassets */; };
		90090BF8220A0A35003EF67C /* LaunchScreen.storyboard in Resources */ = {isa = PBXBuildFile; fileRef = 90090BF6220A0A35003EF67C /* LaunchScreen.storyboard */; };
		9036256B222482F600A5727C /* EndScene.swift in Sources */ = {isa = PBXBuildFile; fileRef = 9036256A222482F600A5727C /* EndScene.swift */; };
		90FD8DB82215EF29001EBE1A /* PG_Roof Runners.ttf in Resources */ = {isa = PBXBuildFile; fileRef = 90FD8DB72215EF29001EBE1A /* PG_Roof Runners.ttf */; };
/* End PBXBuildFile section */

/* Begin PBXFileReference section */
		9003BC8A220B937200D571C6 /* bulletsSound.wav */ = {isa = PBXFileReference; lastKnownFileType = audio.wav; path = bulletsSound.wav; sourceTree = "<group>"; };
		9003BC8B220B937300D571C6 /* explosion.wav */ = {isa = PBXFileReference; lastKnownFileType = audio.wav; path = explosion.wav; sourceTree = "<group>"; };
		9003BCCA220CDAF400D571C6 /* spaceinvaders1.mpeg */ = {isa = PBXFileReference; lastKnownFileType = video.mpeg; path = spaceinvaders1.mpeg; sourceTree = "<group>"; };
		9003BCCE220CE57700D571C6 /* MenuScene.swift */ = {isa = PBXFileReference; lastKnownFileType = sourcecode.swift; path = MenuScene.swift; sourceTree = "<group>"; };
		90090BE4220A0A34003EF67C /* SoloProjectSpaceShip.app */ = {isa = PBXFileReference; explicitFileType = wrapper.application; includeInIndex = 0; path = SoloProjectSpaceShip.app; sourceTree = BUILT_PRODUCTS_DIR; };
		90090BE7220A0A34003EF67C /* AppDelegate.swift */ = {isa = PBXFileReference; lastKnownFileType = sourcecode.swift; path = AppDelegate.swift; sourceTree = "<group>"; };
		90090BE9220A0A34003EF67C /* GameScene.sks */ = {isa = PBXFileReference; lastKnownFileType = file.sks; path = GameScene.sks; sourceTree = "<group>"; };
		90090BEB220A0A34003EF67C /* Actions.sks */ = {isa = PBXFileReference; lastKnownFileType = file.sks; path = Actions.sks; sourceTree = "<group>"; };
		90090BED220A0A34003EF67C /* GameScene.swift */ = {isa = PBXFileReference; lastKnownFileType = sourcecode.swift; path = GameScene.swift; sourceTree = "<group>"; };
		90090BEF220A0A34003EF67C /* GameViewController.swift */ = {isa = PBXFileReference; lastKnownFileType = sourcecode.swift; path = GameViewController.swift; sourceTree = "<group>"; };
		90090BF2220A0A34003EF67C /* Base */ = {isa = PBXFileReference; lastKnownFileType = file.storyboard; name = Base; path = Base.lproj/Main.storyboard; sourceTree = "<group>"; };
		90090BF4220A0A35003EF67C /* Assets.xcassets */ = {isa = PBXFileReference; lastKnownFileType = folder.assetcatalog; path = Assets.xcassets; sourceTree = "<group>"; };
		90090BF7220A0A35003EF67C /* Base */ = {isa = PBXFileReference; lastKnownFileType = file.storyboard; name = Base; path = Base.lproj/LaunchScreen.storyboard; sourceTree = "<group>"; };
		90090BF9220A0A35003EF67C /* Info.plist */ = {isa = PBXFileReference; lastKnownFileType = text.plist.xml; path = Info.plist; sourceTree = "<group>"; };
		9036256A222482F600A5727C /* EndScene.swift */ = {isa = PBXFileReference; lastKnownFileType = sourcecode.swift; path = EndScene.swift; sourceTree = "<group>"; };
		90FD8DB72215EF29001EBE1A /* PG_Roof Runners.ttf */ = {isa = PBXFileReference; lastKnownFileType = file; path = "PG_Roof Runners.ttf"; sourceTree = "<group>"; };
/* End PBXFileReference section */

/* Begin PBXFrameworksBuildPhase section */
		90090BE1220A0A34003EF67C /* Frameworks */ = {
			isa = PBXFrameworksBuildPhase;
			buildActionMask = 2147483647;
			files = (
			);
			runOnlyForDeploymentPostprocessing = 0;
		};
/* End PBXFrameworksBuildPhase section */

/* Begin PBXGroup section */
		90090BDB220A0A34003EF67C = {
			isa = PBXGroup;
			children = (
				90090BE6220A0A34003EF67C /* SoloProjectSpaceShip */,
				90090BE5220A0A34003EF67C /* Products */,
			);
			sourceTree = "<group>";
		};
		90090BE5220A0A34003EF67C /* Products */ = {
			isa = PBXGroup;
			children = (
				90090BE4220A0A34003EF67C /* SoloProjectSpaceShip.app */,
			);
			name = Products;
			sourceTree = "<group>";
		};
		90090BE6220A0A34003EF67C /* SoloProjectSpaceShip */ = {
			isa = PBXGroup;
			children = (
				90090BE7220A0A34003EF67C /* AppDelegate.swift */,
				90090BE9220A0A34003EF67C /* GameScene.sks */,
				90090BEB220A0A34003EF67C /* Actions.sks */,
				90090BED220A0A34003EF67C /* GameScene.swift */,
				9003BCCE220CE57700D571C6 /* MenuScene.swift */,
				9036256A222482F600A5727C /* EndScene.swift */,
				90090BEF220A0A34003EF67C /* GameViewController.swift */,
				90090BF1220A0A34003EF67C /* Main.storyboard */,
				9003BC8A220B937200D571C6 /* bulletsSound.wav */,
				9003BCCA220CDAF400D571C6 /* spaceinvaders1.mpeg */,
				9003BC8B220B937300D571C6 /* explosion.wav */,
				90FD8DB72215EF29001EBE1A /* PG_Roof Runners.ttf */,
				90090BF4220A0A35003EF67C /* Assets.xcassets */,
				90090BF6220A0A35003EF67C /* LaunchScreen.storyboard */,
				90090BF9220A0A35003EF67C /* Info.plist */,
			);
			path = SoloProjectSpaceShip;
			sourceTree = "<group>";
		};
/* End PBXGroup section */

/* Begin PBXNativeTarget section */
		90090BE3220A0A34003EF67C /* SoloProjectSpaceShip */ = {
			isa = PBXNativeTarget;
			buildConfigurationList = 90090BFC220A0A35003EF67C /* Build configuration list for PBXNativeTarget "SoloProjectSpaceShip" */;
			buildPhases = (
				90090BE0220A0A34003EF67C /* Sources */,
				90090BE1220A0A34003EF67C /* Frameworks */,
				90090BE2220A0A34003EF67C /* Resources */,
			);
			buildRules = (
			);
			dependencies = (
			);
			name = SoloProjectSpaceShip;
			productName = SoloProjectSpaceShip;
			productReference = 90090BE4220A0A34003EF67C /* SoloProjectSpaceShip.app */;
			productType = "com.apple.product-type.application";
		};
/* End PBXNativeTarget section */

/* Begin PBXProject section */
		90090BDC220A0A34003EF67C /* Project object */ = {
			isa = PBXProject;
			attributes = {
				LastSwiftUpdateCheck = 1010;
				LastUpgradeCheck = 1010;
				ORGANIZATIONNAME = TingxinLi;
				TargetAttributes = {
					90090BE3220A0A34003EF67C = {
						CreatedOnToolsVersion = 10.1;
					};
				};
			};
			buildConfigurationList = 90090BDF220A0A34003EF67C /* Build configuration list for PBXProject "SoloProjectSpaceShip" */;
			compatibilityVersion = "Xcode 9.3";
			developmentRegion = en;
			hasScannedForEncodings = 0;
			knownRegions = (
				en,
				Base,
			);
			mainGroup = 90090BDB220A0A34003EF67C;
			productRefGroup = 90090BE5220A0A34003EF67C /* Products */;
			projectDirPath = "";
			projectRoot = "";
			targets = (
				90090BE3220A0A34003EF67C /* SoloProjectSpaceShip */,
			);
		};
/* End PBXProject section */

/* Begin PBXResourcesBuildPhase section */
		90090BE2220A0A34003EF67C /* Resources */ = {
			isa = PBXResourcesBuildPhase;
			buildActionMask = 2147483647;
			files = (
				90090BF3220A0A34003EF67C /* Main.storyboard in Resources */,
				90090BEA220A0A34003EF67C /* GameScene.sks in Resources */,
				9003BC8D220B937300D571C6 /* explosion.wav in Resources */,
				90FD8DB82215EF29001EBE1A /* PG_Roof Runners.ttf in Resources */,
				9003BCCB220CDAF400D571C6 /* spaceinvaders1.mpeg in Resources */,
				90090BF8220A0A35003EF67C /* LaunchScreen.storyboard in Resources */,
				9003BC8C220B937300D571C6 /* bulletsSound.wav in Resources */,
				90090BF5220A0A35003EF67C /* Assets.xcassets in Resources */,
				90090BEC220A0A34003EF67C /* Actions.sks in Resources */,
			);
			runOnlyForDeploymentPostprocessing = 0;
		};
/* End PBXResourcesBuildPhase section */

/* Begin PBXSourcesBuildPhase section */
		90090BE0220A0A34003EF67C /* Sources */ = {
			isa = PBXSourcesBuildPhase;
			buildActionMask = 2147483647;
			files = (
				90090BEE220A0A34003EF67C /* GameScene.swift in Sources */,
				9003BCCF220CE57700D571C6 /* MenuScene.swift in Sources */,
				90090BF0220A0A34003EF67C /* GameViewController.swift in Sources */,
				90090BE8220A0A34003EF67C /* AppDelegate.swift in Sources */,
				9036256B222482F600A5727C /* EndScene.swift in Sources */,
			);
			runOnlyForDeploymentPostprocessing = 0;
		};
/* End PBXSourcesBuildPhase section */

/* Begin PBXVariantGroup section */
		90090BF1220A0A34003EF67C /* Main.storyboard */ = {
			isa = PBXVariantGroup;
			children = (
				90090BF2220A0A34003EF67C /* Base */,
			);
			name = Main.storyboard;
			sourceTree = "<group>";
		};
		90090BF6220A0A35003EF67C /* LaunchScreen.storyboard */ = {
			isa = PBXVariantGroup;
			children = (
				90090BF7220A0A35003EF67C /* Base */,
			);
			name = LaunchScreen.storyboard;
			sourceTree = "<group>";
		};
/* End PBXVariantGroup section */

/* Begin XCBuildConfiguration section */
		90090BFA220A0A35003EF67C /* Debug */ = {
			isa = XCBuildConfiguration;
			buildSettings = {
				ALWAYS_SEARCH_USER_PATHS = NO;
				CLANG_ANALYZER_NONNULL = YES;
				CLANG_ANALYZER_NUMBER_OBJECT_CONVERSION = YES_AGGRESSIVE;
				CLANG_CXX_LANGUAGE_STANDARD = "gnu++14";
				CLANG_CXX_LIBRARY = "libc++";
				CLANG_ENABLE_MODULES = YES;
				CLANG_ENABLE_OBJC_ARC = YES;
				CLANG_ENABLE_OBJC_WEAK = YES;
				CLANG_WARN_BLOCK_CAPTURE_AUTORELEASING = YES;
				CLANG_WARN_BOOL_CONVERSION = YES;
				CLANG_WARN_COMMA = YES;
				CLANG_WARN_CONSTANT_CONVERSION = YES;
				CLANG_WARN_DEPRECATED_OBJC_IMPLEMENTATIONS = YES;
				CLANG_WARN_DIRECT_OBJC_ISA_USAGE = YES_ERROR;
				CLANG_WARN_DOCUMENTATION_COMMENTS = YES;
				CLANG_WARN_EMPTY_BODY = YES;
				CLANG_WARN_ENUM_CONVERSION = YES;
				CLANG_WARN_INFINITE_RECURSION = YES;
				CLANG_WARN_INT_CONVERSION = YES;
				CLANG_WARN_NON_LITERAL_NULL_CONVERSION = YES;
				CLANG_WARN_OBJC_IMPLICIT_RETAIN_SELF = YES;
				CLANG_WARN_OBJC_LITERAL_CONVERSION = YES;
				CLANG_WARN_OBJC_ROOT_CLASS = YES_ERROR;
				CLANG_WARN_RANGE_LOOP_ANALYSIS = YES;
				CLANG_WARN_STRICT_PROTOTYPES = YES;
				CLANG_WARN_SUSPICIOUS_MOVE = YES;
				CLANG_WARN_UNGUARDED_AVAILABILITY = YES_AGGRESSIVE;
				CLANG_WARN_UNREACHABLE_CODE = YES;
				CLANG_WARN__DUPLICATE_METHOD_MATCH = YES;
				CODE_SIGN_IDENTITY = "iPhone Developer";
				COPY_PHASE_STRIP = NO;
				DEBUG_INFORMATION_FORMAT = dwarf;
				ENABLE_STRICT_OBJC_MSGSEND = YES;
				ENABLE_TESTABILITY = YES;
				GCC_C_LANGUAGE_STANDARD = gnu11;
				GCC_DYNAMIC_NO_PIC = NO;
				GCC_NO_COMMON_BLOCKS = YES;
				GCC_OPTIMIZATION_LEVEL = 0;
				GCC_PREPROCESSOR_DEFINITIONS = (
					"DEBUG=1",
					"$(inherited)",
				);
				GCC_WARN_64_TO_32_BIT_CONVERSION = YES;
				GCC_WARN_ABOUT_RETURN_TYPE = YES_ERROR;
				GCC_WARN_UNDECLARED_SELECTOR = YES;
				GCC_WARN_UNINITIALIZED_AUTOS = YES_AGGRESSIVE;
				GCC_WARN_UNUSED_FUNCTION = YES;
				GCC_WARN_UNUSED_VARIABLE = YES;
				IPHONEOS_DEPLOYMENT_TARGET = 12.1;
				MTL_ENABLE_DEBUG_INFO = INCLUDE_SOURCE;
				MTL_FAST_MATH = YES;
				ONLY_ACTIVE_ARCH = YES;
				SDKROOT = iphoneos;
				SWIFT_ACTIVE_COMPILATION_CONDITIONS = DEBUG;
				SWIFT_OPTIMIZATION_LEVEL = "-Onone";
			};
			name = Debug;
		};
		90090BFB220A0A35003EF67C /* Release */ = {
			isa = XCBuildConfiguration;
			buildSettings = {
				ALWAYS_SEARCH_USER_PATHS = NO;
				CLANG_ANALYZER_NONNULL = YES;
				CLANG_ANALYZER_NUMBER_OBJECT_CONVERSION = YES_AGGRESSIVE;
				CLANG_CXX_LANGUAGE_STANDARD = "gnu++14";
				CLANG_CXX_LIBRARY = "libc++";
				CLANG_ENABLE_MODULES = YES;
				CLANG_ENABLE_OBJC_ARC = YES;
				CLANG_ENABLE_OBJC_WEAK = YES;
				CLANG_WARN_BLOCK_CAPTURE_AUTORELEASING = YES;
				CLANG_WARN_BOOL_CONVERSION = YES;
				CLANG_WARN_COMMA = YES;
				CLANG_WARN_CONSTANT_CONVERSION = YES;
				CLANG_WARN_DEPRECATED_OBJC_IMPLEMENTATIONS = YES;
				CLANG_WARN_DIRECT_OBJC_ISA_USAGE = YES_ERROR;
				CLANG_WARN_DOCUMENTATION_COMMENTS = YES;
				CLANG_WARN_EMPTY_BODY = YES;
				CLANG_WARN_ENUM_CONVERSION = YES;
				CLANG_WARN_INFINITE_RECURSION = YES;
				CLANG_WARN_INT_CONVERSION = YES;
				CLANG_WARN_NON_LITERAL_NULL_CONVERSION = YES;
				CLANG_WARN_OBJC_IMPLICIT_RETAIN_SELF = YES;
				CLANG_WARN_OBJC_LITERAL_CONVERSION = YES;
				CLANG_WARN_OBJC_ROOT_CLASS = YES_ERROR;
				CLANG_WARN_RANGE_LOOP_ANALYSIS = YES;
				CLANG_WARN_STRICT_PROTOTYPES = YES;
				CLANG_WARN_SUSPICIOUS_MOVE = YES;
				CLANG_WARN_UNGUARDED_AVAILABILITY = YES_AGGRESSIVE;
				CLANG_WARN_UNREACHABLE_CODE = YES;
				CLANG_WARN__DUPLICATE_METHOD_MATCH = YES;
				CODE_SIGN_IDENTITY = "iPhone Developer";
				COPY_PHASE_STRIP = NO;
				DEBUG_INFORMATION_FORMAT = "dwarf-with-dsym";
				ENABLE_NS_ASSERTIONS = NO;
				ENABLE_STRICT_OBJC_MSGSEND = YES;
				GCC_C_LANGUAGE_STANDARD = gnu11;
				GCC_NO_COMMON_BLOCKS = YES;
				GCC_WARN_64_TO_32_BIT_CONVERSION = YES;
				GCC_WARN_ABOUT_RETURN_TYPE = YES_ERROR;
				GCC_WARN_UNDECLARED_SELECTOR = YES;
				GCC_WARN_UNINITIALIZED_AUTOS = YES_AGGRESSIVE;
				GCC_WARN_UNUSED_FUNCTION = YES;
				GCC_WARN_UNUSED_VARIABLE = YES;
				IPHONEOS_DEPLOYMENT_TARGET = 12.1;
				MTL_ENABLE_DEBUG_INFO = NO;
				MTL_FAST_MATH = YES;
				SDKROOT = iphoneos;
				SWIFT_COMPILATION_MODE = wholemodule;
				SWIFT_OPTIMIZATION_LEVEL = "-O";
				VALIDATE_PRODUCT = YES;
			};
			name = Release;
		};
		90090BFD220A0A35003EF67C /* Debug */ = {
			isa = XCBuildConfiguration;
			buildSettings = {
				ASSETCATALOG_COMPILER_APPICON_NAME = AppIcon;
				CODE_SIGN_STYLE = Automatic;
				DEVELOPMENT_TEAM = RJ364J35FH;
				INFOPLIST_FILE = SoloProjectSpaceShip/Info.plist;
				LD_RUNPATH_SEARCH_PATHS = (
					"$(inherited)",
					"@executable_path/Frameworks",
				);
				PRODUCT_BUNDLE_IDENTIFIER = pursuit.SoloProjectSpaceShip;
				PRODUCT_NAME = "$(TARGET_NAME)";
				SWIFT_VERSION = 4.2;
				TARGETED_DEVICE_FAMILY = "1,2";
			};
			name = Debug;
		};
		90090BFE220A0A35003EF67C /* Release */ = {
			isa = XCBuildConfiguration;
			buildSettings = {
				ASSETCATALOG_COMPILER_APPICON_NAME = AppIcon;
				CODE_SIGN_STYLE = Automatic;
				DEVELOPMENT_TEAM = RJ364J35FH;
				INFOPLIST_FILE = SoloProjectSpaceShip/Info.plist;
				LD_RUNPATH_SEARCH_PATHS = (
					"$(inherited)",
					"@executable_path/Frameworks",
				);
				PRODUCT_BUNDLE_IDENTIFIER = pursuit.SoloProjectSpaceShip;
				PRODUCT_NAME = "$(TARGET_NAME)";
				SWIFT_VERSION = 4.2;
				TARGETED_DEVICE_FAMILY = "1,2";
			};
			name = Release;
		};
/* End XCBuildConfiguration section */

/* Begin XCConfigurationList section */
		90090BDF220A0A34003EF67C /* Build configuration list for PBXProject "SoloProjectSpaceShip" */ = {
			isa = XCConfigurationList;
			buildConfigurations = (
				90090BFA220A0A35003EF67C /* Debug */,
				90090BFB220A0A35003EF67C /* Release */,
			);
			defaultConfigurationIsVisible = 0;
			defaultConfigurationName = Release;
		};
		90090BFC220A0A35003EF67C /* Build configuration list for PBXNativeTarget "SoloProjectSpaceShip" */ = {
			isa = XCConfigurationList;
			buildConfigurations = (
				90090BFD220A0A35003EF67C /* Debug */,
				90090BFE220A0A35003EF67C /* Release */,
			);
			defaultConfigurationIsVisible = 0;
			defaultConfigurationName = Release;
		};
/* End XCConfigurationList section */
	};
	rootObject = 90090BDC220A0A34003EF67C /* Project object */;
}
